
Microsoft Visual Studio Solution File, Format Version 12.00
# Visual Studio Version 16
VisualStudioVersion = 16.0.29806.167
MinimumVisualStudioVersion = 10.0.40219.1
Project("{FAE04EC0-301F-11D3-BF4B-00C04F79EFBC}") = "CinemaApp.WebAPI", "CinemaApp.WebAPI\CinemaApp.WebAPI.csproj", "{ADC3A5A2-1FB6-409D-B06F-F678EC8BC13F}"
EndProject
Project("{FAE04EC0-301F-11D3-BF4B-00C04F79EFBC}") = "CinemaApp.AdminConsole", "CinemaApp.AdminConsole\CinemaApp.AdminConsole.csproj", "{6B618904-18B2-438F-BD26-D1116C04755A}"
EndProject
Project("{FAE04EC0-301F-11D3-BF4B-00C04F79EFBC}") = "CinemapApp_CustomerMVC", "CinemapApp_CustomerMVC\CinemapApp_CustomerMVC.csproj", "{24415170-74D8-4B20-A4C8-2BF8B9C244C6}"
EndProject
Project("{FAE04EC0-301F-11D3-BF4B-00C04F79EFBC}") = "CinemaApp.DomainModelEntity", "CinemaApp.DomainModelEntity\CinemaApp.DomainModelEntity.csproj", "{DA65D7AA-FCC9-4396-B582-43B104784C8A}"
EndProject
Project("{FAE04EC0-301F-11D3-BF4B-00C04F79EFBC}") = "CinemaApp.Persistence", "CinemaApp.Persistence\CinemaApp.Persistence.csproj", "{4CB31417-012F-4AA3-B59B-4E8A3B4F40DE}"
EndProject
Global
	GlobalSection(SolutionConfigurationPlatforms) = preSolution
		Debug|Any CPU = Debug|Any CPU
		Release|Any CPU = Release|Any CPU
	EndGlobalSection
	GlobalSection(ProjectConfigurationPlatforms) = postSolution
		{ADC3A5A2-1FB6-409D-B06F-F678EC8BC13F}.Debug|Any CPU.ActiveCfg = Debug|Any CPU
		{ADC3A5A2-1FB6-409D-B06F-F678EC8BC13F}.Debug|Any CPU.Build.0 = Debug|Any CPU
		{ADC3A5A2-1FB6-409D-B06F-F678EC8BC13F}.Release|Any CPU.ActiveCfg = Release|Any CPU
		{ADC3A5A2-1FB6-409D-B06F-F678EC8BC13F}.Release|Any CPU.Build.0 = Release|Any CPU
		{6B618904-18B2-438F-BD26-D1116C04755A}.Debug|Any CPU.ActiveCfg = Debug|Any CPU
		{6B618904-18B2-438F-BD26-D1116C04755A}.Debug|Any CPU.Build.0 = Debug|Any CPU
		{6B618904-18B2-438F-BD26-D1116C04755A}.Release|Any CPU.ActiveCfg = Release|Any CPU
		{6B618904-18B2-438F-BD26-D1116C04755A}.Release|Any CPU.Build.0 = Release|Any CPU
		{24415170-74D8-4B20-A4C8-2BF8B9C244C6}.Debug|Any CPU.ActiveCfg = Debug|Any CPU
		{24415170-74D8-4B20-A4C8-2BF8B9C244C6}.Debug|Any CPU.Build.0 = Debug|Any CPU
		{24415170-74D8-4B20-A4C8-2BF8B9C244C6}.Release|Any CPU.ActiveCfg = Release|Any CPU
		{24415170-74D8-4B20-A4C8-2BF8B9C244C6}.Release|Any CPU.Build.0 = Release|Any CPU
		{DA65D7AA-FCC9-4396-B582-43B104784C8A}.Debug|Any CPU.ActiveCfg = Debug|Any CPU
		{DA65D7AA-FCC9-4396-B582-43B104784C8A}.Debug|Any CPU.Build.0 = Debug|Any CPU
		{DA65D7AA-FCC9-4396-B582-43B104784C8A}.Release|Any CPU.ActiveCfg = Release|Any CPU
		{DA65D7AA-FCC9-4396-B582-43B104784C8A}.Release|Any CPU.Build.0 = Release|Any CPU
		{4CB31417-012F-4AA3-B59B-4E8A3B4F40DE}.Debug|Any CPU.ActiveCfg = Debug|Any CPU
		{4CB31417-012F-4AA3-B59B-4E8A3B4F40DE}.Debug|Any CPU.Build.0 = Debug|Any CPU
		{4CB31417-012F-4AA3-B59B-4E8A3B4F40DE}.Release|Any CPU.ActiveCfg = Release|Any CPU
		{4CB31417-012F-4AA3-B59B-4E8A3B4F40DE}.Release|Any CPU.Build.0 = Release|Any CPU
	EndGlobalSection
	GlobalSection(SolutionProperties) = preSolution
		HideSolutionNode = FALSE
	EndGlobalSection
	GlobalSection(ExtensibilityGlobals) = postSolution
		SolutionGuid = {97D7978E-F005-4988-8080-D384CDC2C8A4}
	EndGlobalSection
EndGlobal
